
Microsoft Visual Studio Solution File, Format Version 12.00
# Visual Studio 15
VisualStudioVersion = 15.0.28307.757
MinimumVisualStudioVersion = 10.0.40219.1
Project("{FAE04EC0-301F-11D3-BF4B-00C04F79EFBC}") = "NJ4X_Manager", "NJ4X_Manager.csproj", "{51D53F0E-541B-42BB-AC1F-EB3859A2937E}"
EndProject
Global
	GlobalSection(SolutionConfigurationPlatforms) = preSolution
		Debug|Any CPU = Debug|Any CPU
		Release|Any CPU = Release|Any CPU
	EndGlobalSection
	GlobalSection(ProjectConfigurationPlatforms) = postSolution
		{51D53F0E-541B-42BB-AC1F-EB3859A2937E}.Debug|Any CPU.ActiveCfg = Debug|Any CPU
		{51D53F0E-541B-42BB-AC1F-EB3859A2937E}.Debug|Any CPU.Build.0 = Debug|Any CPU
		{51D53F0E-541B-42BB-AC1F-EB3859A2937E}.Release|Any CPU.ActiveCfg = Release|Any CPU
		{51D53F0E-541B-42BB-AC1F-EB3859A2937E}.Release|Any CPU.Build.0 = Release|Any CPU
	EndGlobalSection
	GlobalSection(SolutionProperties) = preSolution
		HideSolutionNode = FALSE
	EndGlobalSection
	GlobalSection(ExtensibilityGlobals) = postSolution
		SolutionGuid = {94742B5C-C331-43BA-AF44-BDA7F9DE4F96}
	EndGlobalSection
EndGlobal
